// !$*UTF8*$!
{
	archiveVersion = 1;
	classes = {
	};
	objectVersion = 56;
	objects = {

/* Begin PBXBuildFile section */
		029347482A404CAA00FEBCD0 /* Resources.swift in Sources */ = {isa = PBXBuildFile; fileRef = 029347472A404CAA00FEBCD0 /* Resources.swift */; };
		0293474B2A404E9B00FEBCD0 /* Colors.xcassets in Resources */ = {isa = PBXBuildFile; fileRef = 0293474A2A404E9B00FEBCD0 /* Colors.xcassets */; };
		0293474D2A40650200FEBCD0 /* SFProText-Semibold.ttf in Resources */ = {isa = PBXBuildFile; fileRef = 0293474C2A40650200FEBCD0 /* SFProText-Semibold.ttf */; };
		0293474F2A40654100FEBCD0 /* SF-Pro-Display-Semibold.otf in Resources */ = {isa = PBXBuildFile; fileRef = 0293474E2A40654100FEBCD0 /* SF-Pro-Display-Semibold.otf */; };
		029347512A40656600FEBCD0 /* SF-Pro-Display-Bold.otf in Resources */ = {isa = PBXBuildFile; fileRef = 029347502A40656600FEBCD0 /* SF-Pro-Display-Bold.otf */; };
		029347532A40667B00FEBCD0 /* SFProText-Regular.ttf in Resources */ = {isa = PBXBuildFile; fileRef = 029347522A40667B00FEBCD0 /* SFProText-Regular.ttf */; };
		029347552A407A6F00FEBCD0 /* ImportanceView.swift in Sources */ = {isa = PBXBuildFile; fileRef = 029347542A407A6F00FEBCD0 /* ImportanceView.swift */; };
		02A6A1AE2A445ECE00303330 /* DataManager.swift in Sources */ = {isa = PBXBuildFile; fileRef = 02A6A1AD2A445ECE00303330 /* DataManager.swift */; };
		02A6A1B02A4460C200303330 /* TextView.swift in Sources */ = {isa = PBXBuildFile; fileRef = 02A6A1AF2A4460C200303330 /* TextView.swift */; };
		02A6A1B22A44647A00303330 /* DeleteButton.swift in Sources */ = {isa = PBXBuildFile; fileRef = 02A6A1B12A44647A00303330 /* DeleteButton.swift */; };
		02B5FD072A4DBB6300B9D1E5 /* CocoaLumberjackSwift in Frameworks */ = {isa = PBXBuildFile; productRef = 02B5FD062A4DBB6300B9D1E5 /* CocoaLumberjackSwift */; };
		02B5FD092A4DBB6300B9D1E5 /* CocoaLumberjackSwiftLogBackend in Frameworks */ = {isa = PBXBuildFile; productRef = 02B5FD082A4DBB6300B9D1E5 /* CocoaLumberjackSwiftLogBackend */; };
		02C3EA9C2A38606F001C14C4 /* AppDelegate.swift in Sources */ = {isa = PBXBuildFile; fileRef = 02C3EA9B2A38606F001C14C4 /* AppDelegate.swift */; };
		02C3EA9E2A38606F001C14C4 /* SceneDelegate.swift in Sources */ = {isa = PBXBuildFile; fileRef = 02C3EA9D2A38606F001C14C4 /* SceneDelegate.swift */; };
		02C3EAA02A38606F001C14C4 /* ViewController.swift in Sources */ = {isa = PBXBuildFile; fileRef = 02C3EA9F2A38606F001C14C4 /* ViewController.swift */; };
		02C3EAA52A386071001C14C4 /* Assets.xcassets in Resources */ = {isa = PBXBuildFile; fileRef = 02C3EAA42A386071001C14C4 /* Assets.xcassets */; };
		02C3EAA82A386071001C14C4 /* LaunchScreen.storyboard in Resources */ = {isa = PBXBuildFile; fileRef = 02C3EAA62A386071001C14C4 /* LaunchScreen.storyboard */; };
		02C3EAB02A386150001C14C4 /* TodoItem.swift in Sources */ = {isa = PBXBuildFile; fileRef = 02C3EAAF2A386150001C14C4 /* TodoItem.swift */; };
		02C3EAB22A389468001C14C4 /* FileCache.swift in Sources */ = {isa = PBXBuildFile; fileRef = 02C3EAB12A389468001C14C4 /* FileCache.swift */; };
		02C3EABA2A3C7955001C14C4 /* ToDoListTests.swift in Sources */ = {isa = PBXBuildFile; fileRef = 02C3EAB92A3C7955001C14C4 /* ToDoListTests.swift */; };
		02C3EAC12A3D9A3E001C14C4 /* DetailViewController.swift in Sources */ = {isa = PBXBuildFile; fileRef = 02C3EAC02A3D9A3E001C14C4 /* DetailViewController.swift */; };
		138F4EE8582919A605311E6D /* Pods_ToDoList.framework in Frameworks */ = {isa = PBXBuildFile; fileRef = 0F6ABF0DDFBB72C828555B29 /* Pods_ToDoList.framework */; };
		D92EC7DCBE78E3DC08C0FA5F /* Pods_ToDoListTests.framework in Frameworks */ = {isa = PBXBuildFile; fileRef = 09A76EAD19A4D78785D78CCA /* Pods_ToDoListTests.framework */; };
/* End PBXBuildFile section */

/* Begin PBXContainerItemProxy section */
		02C3EABB2A3C7955001C14C4 /* PBXContainerItemProxy */ = {
			isa = PBXContainerItemProxy;
			containerPortal = 02C3EA902A38606E001C14C4 /* Project object */;
			proxyType = 1;
			remoteGlobalIDString = 02C3EA972A38606F001C14C4;
			remoteInfo = ToDoList;
		};
/* End PBXContainerItemProxy section */

/* Begin PBXFileReference section */
		029347472A404CAA00FEBCD0 /* Resources.swift */ = {isa = PBXFileReference; lastKnownFileType = sourcecode.swift; path = Resources.swift; sourceTree = "<group>"; };
		0293474A2A404E9B00FEBCD0 /* Colors.xcassets */ = {isa = PBXFileReference; lastKnownFileType = folder.assetcatalog; path = Colors.xcassets; sourceTree = "<group>"; };
		0293474C2A40650200FEBCD0 /* SFProText-Semibold.ttf */ = {isa = PBXFileReference; lastKnownFileType = file; path = "SFProText-Semibold.ttf"; sourceTree = "<group>"; };
		0293474E2A40654100FEBCD0 /* SF-Pro-Display-Semibold.otf */ = {isa = PBXFileReference; lastKnownFileType = file; path = "SF-Pro-Display-Semibold.otf"; sourceTree = "<group>"; };
		029347502A40656600FEBCD0 /* SF-Pro-Display-Bold.otf */ = {isa = PBXFileReference; lastKnownFileType = file; path = "SF-Pro-Display-Bold.otf"; sourceTree = "<group>"; };
		029347522A40667B00FEBCD0 /* SFProText-Regular.ttf */ = {isa = PBXFileReference; lastKnownFileType = file; path = "SFProText-Regular.ttf"; sourceTree = "<group>"; };
		029347542A407A6F00FEBCD0 /* ImportanceView.swift */ = {isa = PBXFileReference; lastKnownFileType = sourcecode.swift; path = ImportanceView.swift; sourceTree = "<group>"; };
		02A6A1AD2A445ECE00303330 /* DataManager.swift */ = {isa = PBXFileReference; lastKnownFileType = sourcecode.swift; path = DataManager.swift; sourceTree = "<group>"; };
		02A6A1AF2A4460C200303330 /* TextView.swift */ = {isa = PBXFileReference; lastKnownFileType = sourcecode.swift; path = TextView.swift; sourceTree = "<group>"; };
		02A6A1B12A44647A00303330 /* DeleteButton.swift */ = {isa = PBXFileReference; lastKnownFileType = sourcecode.swift; path = DeleteButton.swift; sourceTree = "<group>"; };
		02AA03112A4EED550041EBB4 /* CasheFilePackage */ = {isa = PBXFileReference; lastKnownFileType = wrapper; name = CasheFilePackage; path = ../../CasheFilePackage; sourceTree = "<group>"; };
		02C3EA982A38606F001C14C4 /* ToDoList.app */ = {isa = PBXFileReference; explicitFileType = wrapper.application; includeInIndex = 0; path = ToDoList.app; sourceTree = BUILT_PRODUCTS_DIR; };
		02C3EA9B2A38606F001C14C4 /* AppDelegate.swift */ = {isa = PBXFileReference; lastKnownFileType = sourcecode.swift; path = AppDelegate.swift; sourceTree = "<group>"; };
		02C3EA9D2A38606F001C14C4 /* SceneDelegate.swift */ = {isa = PBXFileReference; lastKnownFileType = sourcecode.swift; path = SceneDelegate.swift; sourceTree = "<group>"; };
		02C3EA9F2A38606F001C14C4 /* ViewController.swift */ = {isa = PBXFileReference; lastKnownFileType = sourcecode.swift; path = ViewController.swift; sourceTree = "<group>"; };
		02C3EAA42A386071001C14C4 /* Assets.xcassets */ = {isa = PBXFileReference; lastKnownFileType = folder.assetcatalog; path = Assets.xcassets; sourceTree = "<group>"; };
		02C3EAA72A386071001C14C4 /* Base */ = {isa = PBXFileReference; lastKnownFileType = file.storyboard; name = Base; path = Base.lproj/LaunchScreen.storyboard; sourceTree = "<group>"; };
		02C3EAA92A386071001C14C4 /* Info.plist */ = {isa = PBXFileReference; lastKnownFileType = text.plist.xml; path = Info.plist; sourceTree = "<group>"; };
		02C3EAAF2A386150001C14C4 /* TodoItem.swift */ = {isa = PBXFileReference; lastKnownFileType = sourcecode.swift; path = TodoItem.swift; sourceTree = "<group>"; };
		02C3EAB12A389468001C14C4 /* FileCache.swift */ = {isa = PBXFileReference; lastKnownFileType = sourcecode.swift; path = FileCache.swift; sourceTree = "<group>"; };
		02C3EAB72A3C7955001C14C4 /* ToDoListTests.xctest */ = {isa = PBXFileReference; explicitFileType = wrapper.cfbundle; includeInIndex = 0; path = ToDoListTests.xctest; sourceTree = BUILT_PRODUCTS_DIR; };
		02C3EAB92A3C7955001C14C4 /* ToDoListTests.swift */ = {isa = PBXFileReference; lastKnownFileType = sourcecode.swift; path = ToDoListTests.swift; sourceTree = "<group>"; };
		02C3EAC02A3D9A3E001C14C4 /* DetailViewController.swift */ = {isa = PBXFileReference; lastKnownFileType = sourcecode.swift; path = DetailViewController.swift; sourceTree = "<group>"; };
		09A76EAD19A4D78785D78CCA /* Pods_ToDoListTests.framework */ = {isa = PBXFileReference; explicitFileType = wrapper.framework; includeInIndex = 0; path = Pods_ToDoListTests.framework; sourceTree = BUILT_PRODUCTS_DIR; };
		0F6ABF0DDFBB72C828555B29 /* Pods_ToDoList.framework */ = {isa = PBXFileReference; explicitFileType = wrapper.framework; includeInIndex = 0; path = Pods_ToDoList.framework; sourceTree = BUILT_PRODUCTS_DIR; };
		ABFD48410AF5829FE198411C /* Pods-ToDoListTests.release.xcconfig */ = {isa = PBXFileReference; includeInIndex = 1; lastKnownFileType = text.xcconfig; name = "Pods-ToDoListTests.release.xcconfig"; path = "Target Support Files/Pods-ToDoListTests/Pods-ToDoListTests.release.xcconfig"; sourceTree = "<group>"; };
		D03FD0FE9BF155F42F9E0EE1 /* Pods-ToDoList.debug.xcconfig */ = {isa = PBXFileReference; includeInIndex = 1; lastKnownFileType = text.xcconfig; name = "Pods-ToDoList.debug.xcconfig"; path = "Target Support Files/Pods-ToDoList/Pods-ToDoList.debug.xcconfig"; sourceTree = "<group>"; };
		D982566636C6B04D6ACCD39F /* Pods-ToDoList.release.xcconfig */ = {isa = PBXFileReference; includeInIndex = 1; lastKnownFileType = text.xcconfig; name = "Pods-ToDoList.release.xcconfig"; path = "Target Support Files/Pods-ToDoList/Pods-ToDoList.release.xcconfig"; sourceTree = "<group>"; };
		DCF15ECA4BFE1E5FA7CD0D73 /* Pods-ToDoListTests.debug.xcconfig */ = {isa = PBXFileReference; includeInIndex = 1; lastKnownFileType = text.xcconfig; name = "Pods-ToDoListTests.debug.xcconfig"; path = "Target Support Files/Pods-ToDoListTests/Pods-ToDoListTests.debug.xcconfig"; sourceTree = "<group>"; };
/* End PBXFileReference section */

/* Begin PBXFrameworksBuildPhase section */
		02C3EA952A38606F001C14C4 /* Frameworks */ = {
			isa = PBXFrameworksBuildPhase;
			buildActionMask = 2147483647;
			files = (
				02B5FD092A4DBB6300B9D1E5 /* CocoaLumberjackSwiftLogBackend in Frameworks */,
				02B5FD072A4DBB6300B9D1E5 /* CocoaLumberjackSwift in Frameworks */,
				138F4EE8582919A605311E6D /* Pods_ToDoList.framework in Frameworks */,
			);
			runOnlyForDeploymentPostprocessing = 0;
		};
		02C3EAB42A3C7955001C14C4 /* Frameworks */ = {
			isa = PBXFrameworksBuildPhase;
			buildActionMask = 2147483647;
			files = (
				D92EC7DCBE78E3DC08C0FA5F /* Pods_ToDoListTests.framework in Frameworks */,
			);
			runOnlyForDeploymentPostprocessing = 0;
		};
/* End PBXFrameworksBuildPhase section */

/* Begin PBXGroup section */
		029347422A40492700FEBCD0 /* Fonts */ = {
			isa = PBXGroup;
			children = (
				0293474C2A40650200FEBCD0 /* SFProText-Semibold.ttf */,
				029347502A40656600FEBCD0 /* SF-Pro-Display-Bold.otf */,
				029347522A40667B00FEBCD0 /* SFProText-Regular.ttf */,
				0293474E2A40654100FEBCD0 /* SF-Pro-Display-Semibold.otf */,
			);
			path = Fonts;
			sourceTree = "<group>";
		};
		02AA03102A4EED550041EBB4 /* Packages */ = {
			isa = PBXGroup;
			children = (
				02AA03112A4EED550041EBB4 /* CasheFilePackage */,
			);
			name = Packages;
			sourceTree = "<group>";
		};
		02C3EA8F2A38606E001C14C4 = {
			isa = PBXGroup;
			children = (
				02AA03102A4EED550041EBB4 /* Packages */,
				02C3EA9A2A38606F001C14C4 /* ToDoList */,
				02C3EAB82A3C7955001C14C4 /* ToDoListTests */,
				02C3EA992A38606F001C14C4 /* Products */,
				A2F5343E0D117AF757FCA37A /* Pods */,
				71DB68056ADD80B1BA91434D /* Frameworks */,
			);
			sourceTree = "<group>";
		};
		02C3EA992A38606F001C14C4 /* Products */ = {
			isa = PBXGroup;
			children = (
				02C3EA982A38606F001C14C4 /* ToDoList.app */,
				02C3EAB72A3C7955001C14C4 /* ToDoListTests.xctest */,
			);
			name = Products;
			sourceTree = "<group>";
		};
		02C3EA9A2A38606F001C14C4 /* ToDoList */ = {
			isa = PBXGroup;
			children = (
				029347422A40492700FEBCD0 /* Fonts */,
				02C3EA9B2A38606F001C14C4 /* AppDelegate.swift */,
				02C3EAAF2A386150001C14C4 /* TodoItem.swift */,
				02C3EAB12A389468001C14C4 /* FileCache.swift */,
				02C3EA9D2A38606F001C14C4 /* SceneDelegate.swift */,
				02C3EA9F2A38606F001C14C4 /* ViewController.swift */,
				02A6A1AD2A445ECE00303330 /* DataManager.swift */,
				02C3EAC02A3D9A3E001C14C4 /* DetailViewController.swift */,
				02A6A1B12A44647A00303330 /* DeleteButton.swift */,
				02A6A1AF2A4460C200303330 /* TextView.swift */,
				029347542A407A6F00FEBCD0 /* ImportanceView.swift */,
				029347472A404CAA00FEBCD0 /* Resources.swift */,
				02C3EAA42A386071001C14C4 /* Assets.xcassets */,
				02C3EAA62A386071001C14C4 /* LaunchScreen.storyboard */,
				02C3EAA92A386071001C14C4 /* Info.plist */,
				0293474A2A404E9B00FEBCD0 /* Colors.xcassets */,
			);
			path = ToDoList;
			sourceTree = "<group>";
		};
		02C3EAB82A3C7955001C14C4 /* ToDoListTests */ = {
			isa = PBXGroup;
			children = (
				02C3EAB92A3C7955001C14C4 /* ToDoListTests.swift */,
			);
			path = ToDoListTests;
			sourceTree = "<group>";
		};
		71DB68056ADD80B1BA91434D /* Frameworks */ = {
			isa = PBXGroup;
			children = (
				0F6ABF0DDFBB72C828555B29 /* Pods_ToDoList.framework */,
				09A76EAD19A4D78785D78CCA /* Pods_ToDoListTests.framework */,
			);
			name = Frameworks;
			sourceTree = "<group>";
		};
		A2F5343E0D117AF757FCA37A /* Pods */ = {
			isa = PBXGroup;
			children = (
				D03FD0FE9BF155F42F9E0EE1 /* Pods-ToDoList.debug.xcconfig */,
				D982566636C6B04D6ACCD39F /* Pods-ToDoList.release.xcconfig */,
				DCF15ECA4BFE1E5FA7CD0D73 /* Pods-ToDoListTests.debug.xcconfig */,
				ABFD48410AF5829FE198411C /* Pods-ToDoListTests.release.xcconfig */,
			);
			path = Pods;
			sourceTree = "<group>";
		};
/* End PBXGroup section */

/* Begin PBXNativeTarget section */
		02C3EA972A38606F001C14C4 /* ToDoList */ = {
			isa = PBXNativeTarget;
			buildConfigurationList = 02C3EAAC2A386071001C14C4 /* Build configuration list for PBXNativeTarget "ToDoList" */;
			buildPhases = (
				02B5FD0A2A4DF2CE00B9D1E5 /* ShellScript */,
				893AD0DC0B1BB376713F5CC7 /* [CP] Check Pods Manifest.lock */,
				02C3EA942A38606F001C14C4 /* Sources */,
				02C3EA952A38606F001C14C4 /* Frameworks */,
				02C3EA962A38606F001C14C4 /* Resources */,
			);
			buildRules = (
			);
			dependencies = (
			);
			name = ToDoList;
			packageProductDependencies = (
				02B5FD062A4DBB6300B9D1E5 /* CocoaLumberjackSwift */,
				02B5FD082A4DBB6300B9D1E5 /* CocoaLumberjackSwiftLogBackend */,
			);
			productName = ToDoList;
			productReference = 02C3EA982A38606F001C14C4 /* ToDoList.app */;
			productType = "com.apple.product-type.application";
		};
		02C3EAB62A3C7955001C14C4 /* ToDoListTests */ = {
			isa = PBXNativeTarget;
			buildConfigurationList = 02C3EABD2A3C7955001C14C4 /* Build configuration list for PBXNativeTarget "ToDoListTests" */;
			buildPhases = (
				C00EE82ED0234BF9BFFD588E /* [CP] Check Pods Manifest.lock */,
				02C3EAB32A3C7955001C14C4 /* Sources */,
				02C3EAB42A3C7955001C14C4 /* Frameworks */,
				02C3EAB52A3C7955001C14C4 /* Resources */,
			);
			buildRules = (
			);
			dependencies = (
				02C3EABC2A3C7955001C14C4 /* PBXTargetDependency */,
			);
			name = ToDoListTests;
			productName = ToDoListTests;
			productReference = 02C3EAB72A3C7955001C14C4 /* ToDoListTests.xctest */;
			productType = "com.apple.product-type.bundle.unit-test";
		};
/* End PBXNativeTarget section */

/* Begin PBXProject section */
		02C3EA902A38606E001C14C4 /* Project object */ = {
			isa = PBXProject;
			attributes = {
				BuildIndependentTargetsInParallel = 1;
				LastSwiftUpdateCheck = 1420;
				LastUpgradeCheck = 1420;
				TargetAttributes = {
					02C3EA972A38606F001C14C4 = {
						CreatedOnToolsVersion = 14.2;
					};
					02C3EAB62A3C7955001C14C4 = {
						CreatedOnToolsVersion = 14.2;
						TestTargetID = 02C3EA972A38606F001C14C4;
					};
				};
			};
			buildConfigurationList = 02C3EA932A38606E001C14C4 /* Build configuration list for PBXProject "ToDoList" */;
			compatibilityVersion = "Xcode 14.0";
			developmentRegion = en;
			hasScannedForEncodings = 0;
			knownRegions = (
				en,
				Base,
			);
			mainGroup = 02C3EA8F2A38606E001C14C4;
			packageReferences = (
				02B5FD052A4DBB6300B9D1E5 /* XCRemoteSwiftPackageReference "CocoaLumberjack" */,
			);
			productRefGroup = 02C3EA992A38606F001C14C4 /* Products */;
			projectDirPath = "";
			projectRoot = "";
			targets = (
				02C3EA972A38606F001C14C4 /* ToDoList */,
				02C3EAB62A3C7955001C14C4 /* ToDoListTests */,
			);
		};
/* End PBXProject section */

/* Begin PBXResourcesBuildPhase section */
		02C3EA962A38606F001C14C4 /* Resources */ = {
			isa = PBXResourcesBuildPhase;
			buildActionMask = 2147483647;
			files = (
				0293474B2A404E9B00FEBCD0 /* Colors.xcassets in Resources */,
				02C3EAA82A386071001C14C4 /* LaunchScreen.storyboard in Resources */,
				029347532A40667B00FEBCD0 /* SFProText-Regular.ttf in Resources */,
				0293474F2A40654100FEBCD0 /* SF-Pro-Display-Semibold.otf in Resources */,
				02C3EAA52A386071001C14C4 /* Assets.xcassets in Resources */,
				029347512A40656600FEBCD0 /* SF-Pro-Display-Bold.otf in Resources */,
				0293474D2A40650200FEBCD0 /* SFProText-Semibold.ttf in Resources */,
			);
			runOnlyForDeploymentPostprocessing = 0;
		};
		02C3EAB52A3C7955001C14C4 /* Resources */ = {
			isa = PBXResourcesBuildPhase;
			buildActionMask = 2147483647;
			files = (
			);
			runOnlyForDeploymentPostprocessing = 0;
		};
/* End PBXResourcesBuildPhase section */

/* Begin PBXShellScriptBuildPhase section */
		02B5FD0A2A4DF2CE00B9D1E5 /* ShellScript */ = {
			isa = PBXShellScriptBuildPhase;
			alwaysOutOfDate = 1;
			buildActionMask = 2147483647;
			files = (
			);
			inputFileListPaths = (
			);
			inputPaths = (
			);
			outputFileListPaths = (
			);
			outputPaths = (
			);
			runOnlyForDeploymentPostprocessing = 0;
			shellPath = /bin/sh;
			shellScript = "\"${PODS_ROOT}/SwiftLint/swiftlint\"\n";
		};
		893AD0DC0B1BB376713F5CC7 /* [CP] Check Pods Manifest.lock */ = {
			isa = PBXShellScriptBuildPhase;
			buildActionMask = 2147483647;
			files = (
			);
			inputFileListPaths = (
			);
			inputPaths = (
				"${PODS_PODFILE_DIR_PATH}/Podfile.lock",
				"${PODS_ROOT}/Manifest.lock",
			);
			name = "[CP] Check Pods Manifest.lock";
			outputFileListPaths = (
			);
			outputPaths = (
				"$(DERIVED_FILE_DIR)/Pods-ToDoList-checkManifestLockResult.txt",
			);
			runOnlyForDeploymentPostprocessing = 0;
			shellPath = /bin/sh;
			shellScript = "diff \"${PODS_PODFILE_DIR_PATH}/Podfile.lock\" \"${PODS_ROOT}/Manifest.lock\" > /dev/null\nif [ $? != 0 ] ; then\n    # print error to STDERR\n    echo \"error: The sandbox is not in sync with the Podfile.lock. Run 'pod install' or update your CocoaPods installation.\" >&2\n    exit 1\nfi\n# This output is used by Xcode 'outputs' to avoid re-running this script phase.\necho \"SUCCESS\" > \"${SCRIPT_OUTPUT_FILE_0}\"\n";
			showEnvVarsInLog = 0;
		};
		C00EE82ED0234BF9BFFD588E /* [CP] Check Pods Manifest.lock */ = {
			isa = PBXShellScriptBuildPhase;
			buildActionMask = 2147483647;
			files = (
			);
			inputFileListPaths = (
			);
			inputPaths = (
				"${PODS_PODFILE_DIR_PATH}/Podfile.lock",
				"${PODS_ROOT}/Manifest.lock",
			);
			name = "[CP] Check Pods Manifest.lock";
			outputFileListPaths = (
			);
			outputPaths = (
				"$(DERIVED_FILE_DIR)/Pods-ToDoListTests-checkManifestLockResult.txt",
			);
			runOnlyForDeploymentPostprocessing = 0;
			shellPath = /bin/sh;
			shellScript = "diff \"${PODS_PODFILE_DIR_PATH}/Podfile.lock\" \"${PODS_ROOT}/Manifest.lock\" > /dev/null\nif [ $? != 0 ] ; then\n    # print error to STDERR\n    echo \"error: The sandbox is not in sync with the Podfile.lock. Run 'pod install' or update your CocoaPods installation.\" >&2\n    exit 1\nfi\n# This output is used by Xcode 'outputs' to avoid re-running this script phase.\necho \"SUCCESS\" > \"${SCRIPT_OUTPUT_FILE_0}\"\n";
			showEnvVarsInLog = 0;
		};
/* End PBXShellScriptBuildPhase section */

/* Begin PBXSourcesBuildPhase section */
		02C3EA942A38606F001C14C4 /* Sources */ = {
			isa = PBXSourcesBuildPhase;
			buildActionMask = 2147483647;
			files = (
				02C3EAA02A38606F001C14C4 /* ViewController.swift in Sources */,
				02C3EA9C2A38606F001C14C4 /* AppDelegate.swift in Sources */,
				02C3EAB02A386150001C14C4 /* TodoItem.swift in Sources */,
				02A6A1B22A44647A00303330 /* DeleteButton.swift in Sources */,
				02C3EAC12A3D9A3E001C14C4 /* DetailViewController.swift in Sources */,
				029347552A407A6F00FEBCD0 /* ImportanceView.swift in Sources */,
				029347482A404CAA00FEBCD0 /* Resources.swift in Sources */,
				02C3EAB22A389468001C14C4 /* FileCache.swift in Sources */,
				02A6A1AE2A445ECE00303330 /* DataManager.swift in Sources */,
				02C3EA9E2A38606F001C14C4 /* SceneDelegate.swift in Sources */,
				02A6A1B02A4460C200303330 /* TextView.swift in Sources */,
			);
			runOnlyForDeploymentPostprocessing = 0;
		};
		02C3EAB32A3C7955001C14C4 /* Sources */ = {
			isa = PBXSourcesBuildPhase;
			buildActionMask = 2147483647;
			files = (
				02C3EABA2A3C7955001C14C4 /* ToDoListTests.swift in Sources */,
			);
			runOnlyForDeploymentPostprocessing = 0;
		};
/* End PBXSourcesBuildPhase section */

/* Begin PBXTargetDependency section */
		02C3EABC2A3C7955001C14C4 /* PBXTargetDependency */ = {
			isa = PBXTargetDependency;
			target = 02C3EA972A38606F001C14C4 /* ToDoList */;
			targetProxy = 02C3EABB2A3C7955001C14C4 /* PBXContainerItemProxy */;
		};
/* End PBXTargetDependency section */

/* Begin PBXVariantGroup section */
		02C3EAA62A386071001C14C4 /* LaunchScreen.storyboard */ = {
			isa = PBXVariantGroup;
			children = (
				02C3EAA72A386071001C14C4 /* Base */,
			);
			name = LaunchScreen.storyboard;
			sourceTree = "<group>";
		};
/* End PBXVariantGroup section */

/* Begin XCBuildConfiguration section */
		02C3EAAA2A386071001C14C4 /* Debug */ = {
			isa = XCBuildConfiguration;
			buildSettings = {
				ALWAYS_SEARCH_USER_PATHS = NO;
				CLANG_ANALYZER_NONNULL = YES;
				CLANG_ANALYZER_NUMBER_OBJECT_CONVERSION = YES_AGGRESSIVE;
				CLANG_CXX_LANGUAGE_STANDARD = "gnu++20";
				CLANG_ENABLE_MODULES = YES;
				CLANG_ENABLE_OBJC_ARC = YES;
				CLANG_ENABLE_OBJC_WEAK = YES;
				CLANG_WARN_BLOCK_CAPTURE_AUTORELEASING = YES;
				CLANG_WARN_BOOL_CONVERSION = YES;
				CLANG_WARN_COMMA = YES;
				CLANG_WARN_CONSTANT_CONVERSION = YES;
				CLANG_WARN_DEPRECATED_OBJC_IMPLEMENTATIONS = YES;
				CLANG_WARN_DIRECT_OBJC_ISA_USAGE = YES_ERROR;
				CLANG_WARN_DOCUMENTATION_COMMENTS = YES;
				CLANG_WARN_EMPTY_BODY = YES;
				CLANG_WARN_ENUM_CONVERSION = YES;
				CLANG_WARN_INFINITE_RECURSION = YES;
				CLANG_WARN_INT_CONVERSION = YES;
				CLANG_WARN_NON_LITERAL_NULL_CONVERSION = YES;
				CLANG_WARN_OBJC_IMPLICIT_RETAIN_SELF = YES;
				CLANG_WARN_OBJC_LITERAL_CONVERSION = YES;
				CLANG_WARN_OBJC_ROOT_CLASS = YES_ERROR;
				CLANG_WARN_QUOTED_INCLUDE_IN_FRAMEWORK_HEADER = YES;
				CLANG_WARN_RANGE_LOOP_ANALYSIS = YES;
				CLANG_WARN_STRICT_PROTOTYPES = YES;
				CLANG_WARN_SUSPICIOUS_MOVE = YES;
				CLANG_WARN_UNGUARDED_AVAILABILITY = YES_AGGRESSIVE;
				CLANG_WARN_UNREACHABLE_CODE = YES;
				CLANG_WARN__DUPLICATE_METHOD_MATCH = YES;
				COPY_PHASE_STRIP = NO;
				DEBUG_INFORMATION_FORMAT = dwarf;
				ENABLE_STRICT_OBJC_MSGSEND = YES;
				ENABLE_TESTABILITY = YES;
				GCC_C_LANGUAGE_STANDARD = gnu11;
				GCC_DYNAMIC_NO_PIC = NO;
				GCC_NO_COMMON_BLOCKS = YES;
				GCC_OPTIMIZATION_LEVEL = 0;
				GCC_PREPROCESSOR_DEFINITIONS = (
					"DEBUG=1",
					"$(inherited)",
				);
				GCC_WARN_64_TO_32_BIT_CONVERSION = YES;
				GCC_WARN_ABOUT_RETURN_TYPE = YES_ERROR;
				GCC_WARN_UNDECLARED_SELECTOR = YES;
				GCC_WARN_UNINITIALIZED_AUTOS = YES_AGGRESSIVE;
				GCC_WARN_UNUSED_FUNCTION = YES;
				GCC_WARN_UNUSED_VARIABLE = YES;
				IPHONEOS_DEPLOYMENT_TARGET = 16.2;
				MTL_ENABLE_DEBUG_INFO = INCLUDE_SOURCE;
				MTL_FAST_MATH = YES;
				ONLY_ACTIVE_ARCH = YES;
				SDKROOT = iphoneos;
				SWIFT_ACTIVE_COMPILATION_CONDITIONS = DEBUG;
				SWIFT_OPTIMIZATION_LEVEL = "-Onone";
			};
			name = Debug;
		};
		02C3EAAB2A386071001C14C4 /* Release */ = {
			isa = XCBuildConfiguration;
			buildSettings = {
				ALWAYS_SEARCH_USER_PATHS = NO;
				CLANG_ANALYZER_NONNULL = YES;
				CLANG_ANALYZER_NUMBER_OBJECT_CONVERSION = YES_AGGRESSIVE;
				CLANG_CXX_LANGUAGE_STANDARD = "gnu++20";
				CLANG_ENABLE_MODULES = YES;
				CLANG_ENABLE_OBJC_ARC = YES;
				CLANG_ENABLE_OBJC_WEAK = YES;
				CLANG_WARN_BLOCK_CAPTURE_AUTORELEASING = YES;
				CLANG_WARN_BOOL_CONVERSION = YES;
				CLANG_WARN_COMMA = YES;
				CLANG_WARN_CONSTANT_CONVERSION = YES;
				CLANG_WARN_DEPRECATED_OBJC_IMPLEMENTATIONS = YES;
				CLANG_WARN_DIRECT_OBJC_ISA_USAGE = YES_ERROR;
				CLANG_WARN_DOCUMENTATION_COMMENTS = YES;
				CLANG_WARN_EMPTY_BODY = YES;
				CLANG_WARN_ENUM_CONVERSION = YES;
				CLANG_WARN_INFINITE_RECURSION = YES;
				CLANG_WARN_INT_CONVERSION = YES;
				CLANG_WARN_NON_LITERAL_NULL_CONVERSION = YES;
				CLANG_WARN_OBJC_IMPLICIT_RETAIN_SELF = YES;
				CLANG_WARN_OBJC_LITERAL_CONVERSION = YES;
				CLANG_WARN_OBJC_ROOT_CLASS = YES_ERROR;
				CLANG_WARN_QUOTED_INCLUDE_IN_FRAMEWORK_HEADER = YES;
				CLANG_WARN_RANGE_LOOP_ANALYSIS = YES;
				CLANG_WARN_STRICT_PROTOTYPES = YES;
				CLANG_WARN_SUSPICIOUS_MOVE = YES;
				CLANG_WARN_UNGUARDED_AVAILABILITY = YES_AGGRESSIVE;
				CLANG_WARN_UNREACHABLE_CODE = YES;
				CLANG_WARN__DUPLICATE_METHOD_MATCH = YES;
				COPY_PHASE_STRIP = NO;
				DEBUG_INFORMATION_FORMAT = "dwarf-with-dsym";
				ENABLE_NS_ASSERTIONS = NO;
				ENABLE_STRICT_OBJC_MSGSEND = YES;
				GCC_C_LANGUAGE_STANDARD = gnu11;
				GCC_NO_COMMON_BLOCKS = YES;
				GCC_WARN_64_TO_32_BIT_CONVERSION = YES;
				GCC_WARN_ABOUT_RETURN_TYPE = YES_ERROR;
				GCC_WARN_UNDECLARED_SELECTOR = YES;
				GCC_WARN_UNINITIALIZED_AUTOS = YES_AGGRESSIVE;
				GCC_WARN_UNUSED_FUNCTION = YES;
				GCC_WARN_UNUSED_VARIABLE = YES;
				IPHONEOS_DEPLOYMENT_TARGET = 16.2;
				MTL_ENABLE_DEBUG_INFO = NO;
				MTL_FAST_MATH = YES;
				SDKROOT = iphoneos;
				SWIFT_COMPILATION_MODE = wholemodule;
				SWIFT_OPTIMIZATION_LEVEL = "-O";
				VALIDATE_PRODUCT = YES;
			};
			name = Release;
		};
		02C3EAAD2A386071001C14C4 /* Debug */ = {
			isa = XCBuildConfiguration;
			baseConfigurationReference = D03FD0FE9BF155F42F9E0EE1 /* Pods-ToDoList.debug.xcconfig */;
			buildSettings = {
				ASSETCATALOG_COMPILER_APPICON_NAME = AppIcon;
				ASSETCATALOG_COMPILER_GLOBAL_ACCENT_COLOR_NAME = AccentColor;
				CODE_SIGN_STYLE = Automatic;
				CURRENT_PROJECT_VERSION = 1;
				GENERATE_INFOPLIST_FILE = YES;
				INFOPLIST_FILE = ToDoList/Info.plist;
				INFOPLIST_KEY_UIApplicationSupportsIndirectInputEvents = YES;
				INFOPLIST_KEY_UILaunchStoryboardName = LaunchScreen;
				INFOPLIST_KEY_UISupportedInterfaceOrientations_iPad = "UIInterfaceOrientationPortrait UIInterfaceOrientationPortraitUpsideDown UIInterfaceOrientationLandscapeLeft UIInterfaceOrientationLandscapeRight";
				INFOPLIST_KEY_UISupportedInterfaceOrientations_iPhone = "UIInterfaceOrientationPortrait UIInterfaceOrientationLandscapeLeft UIInterfaceOrientationLandscapeRight";
				LD_RUNPATH_SEARCH_PATHS = (
					"$(inherited)",
					"@executable_path/Frameworks",
				);
				MARKETING_VERSION = 1.0;
				PRODUCT_BUNDLE_IDENTIFIER = StudentOfMDS.ToDoList;
				PRODUCT_NAME = "$(TARGET_NAME)";
				SWIFT_EMIT_LOC_STRINGS = YES;
				SWIFT_VERSION = 5.0;
				TARGETED_DEVICE_FAMILY = "1,2";
			};
			name = Debug;
		};
		02C3EAAE2A386071001C14C4 /* Release */ = {
			isa = XCBuildConfiguration;
			baseConfigurationReference = D982566636C6B04D6ACCD39F /* Pods-ToDoList.release.xcconfig */;
			buildSettings = {
				ASSETCATALOG_COMPILER_APPICON_NAME = AppIcon;
				ASSETCATALOG_COMPILER_GLOBAL_ACCENT_COLOR_NAME = AccentColor;
				CODE_SIGN_STYLE = Automatic;
				CURRENT_PROJECT_VERSION = 1;
				GENERATE_INFOPLIST_FILE = YES;
				INFOPLIST_FILE = ToDoList/Info.plist;
				INFOPLIST_KEY_UIApplicationSupportsIndirectInputEvents = YES;
				INFOPLIST_KEY_UILaunchStoryboardName = LaunchScreen;
				INFOPLIST_KEY_UISupportedInterfaceOrientations_iPad = "UIInterfaceOrientationPortrait UIInterfaceOrientationPortraitUpsideDown UIInterfaceOrientationLandscapeLeft UIInterfaceOrientationLandscapeRight";
				INFOPLIST_KEY_UISupportedInterfaceOrientations_iPhone = "UIInterfaceOrientationPortrait UIInterfaceOrientationLandscapeLeft UIInterfaceOrientationLandscapeRight";
				LD_RUNPATH_SEARCH_PATHS = (
					"$(inherited)",
					"@executable_path/Frameworks",
				);
				MARKETING_VERSION = 1.0;
				PRODUCT_BUNDLE_IDENTIFIER = StudentOfMDS.ToDoList;
				PRODUCT_NAME = "$(TARGET_NAME)";
				SWIFT_EMIT_LOC_STRINGS = YES;
				SWIFT_VERSION = 5.0;
				TARGETED_DEVICE_FAMILY = "1,2";
			};
			name = Release;
		};
		02C3EABE2A3C7955001C14C4 /* Debug */ = {
			isa = XCBuildConfiguration;
			baseConfigurationReference = DCF15ECA4BFE1E5FA7CD0D73 /* Pods-ToDoListTests.debug.xcconfig */;
			buildSettings = {
				BUNDLE_LOADER = "$(TEST_HOST)";
				CODE_SIGN_STYLE = Automatic;
				CURRENT_PROJECT_VERSION = 1;
				GENERATE_INFOPLIST_FILE = YES;
				MARKETING_VERSION = 1.0;
				PRODUCT_BUNDLE_IDENTIFIER = StudentOfMDS.ToDoListTests;
				PRODUCT_NAME = "$(TARGET_NAME)";
				SWIFT_EMIT_LOC_STRINGS = NO;
				SWIFT_VERSION = 5.0;
				TARGETED_DEVICE_FAMILY = "1,2";
				TEST_HOST = "$(BUILT_PRODUCTS_DIR)/ToDoList.app/$(BUNDLE_EXECUTABLE_FOLDER_PATH)/ToDoList";
			};
			name = Debug;
		};
		02C3EABF2A3C7955001C14C4 /* Release */ = {
			isa = XCBuildConfiguration;
			baseConfigurationReference = ABFD48410AF5829FE198411C /* Pods-ToDoListTests.release.xcconfig */;
			buildSettings = {
				BUNDLE_LOADER = "$(TEST_HOST)";
				CODE_SIGN_STYLE = Automatic;
				CURRENT_PROJECT_VERSION = 1;
				GENERATE_INFOPLIST_FILE = YES;
				MARKETING_VERSION = 1.0;
				PRODUCT_BUNDLE_IDENTIFIER = StudentOfMDS.ToDoListTests;
				PRODUCT_NAME = "$(TARGET_NAME)";
				SWIFT_EMIT_LOC_STRINGS = NO;
				SWIFT_VERSION = 5.0;
				TARGETED_DEVICE_FAMILY = "1,2";
				TEST_HOST = "$(BUILT_PRODUCTS_DIR)/ToDoList.app/$(BUNDLE_EXECUTABLE_FOLDER_PATH)/ToDoList";
			};
			name = Release;
		};
/* End XCBuildConfiguration section */

/* Begin XCConfigurationList section */
		02C3EA932A38606E001C14C4 /* Build configuration list for PBXProject "ToDoList" */ = {
			isa = XCConfigurationList;
			buildConfigurations = (
				02C3EAAA2A386071001C14C4 /* Debug */,
				02C3EAAB2A386071001C14C4 /* Release */,
			);
			defaultConfigurationIsVisible = 0;
			defaultConfigurationName = Release;
		};
		02C3EAAC2A386071001C14C4 /* Build configuration list for PBXNativeTarget "ToDoList" */ = {
			isa = XCConfigurationList;
			buildConfigurations = (
				02C3EAAD2A386071001C14C4 /* Debug */,
				02C3EAAE2A386071001C14C4 /* Release */,
			);
			defaultConfigurationIsVisible = 0;
			defaultConfigurationName = Release;
		};
		02C3EABD2A3C7955001C14C4 /* Build configuration list for PBXNativeTarget "ToDoListTests" */ = {
			isa = XCConfigurationList;
			buildConfigurations = (
				02C3EABE2A3C7955001C14C4 /* Debug */,
				02C3EABF2A3C7955001C14C4 /* Release */,
			);
			defaultConfigurationIsVisible = 0;
			defaultConfigurationName = Release;
		};
/* End XCConfigurationList section */

/* Begin XCRemoteSwiftPackageReference section */
		02B5FD052A4DBB6300B9D1E5 /* XCRemoteSwiftPackageReference "CocoaLumberjack" */ = {
			isa = XCRemoteSwiftPackageReference;
			repositoryURL = "https://github.com/CocoaLumberjack/CocoaLumberjack";
			requirement = {
				kind = upToNextMajorVersion;
				minimumVersion = 3.0.0;
			};
		};
/* End XCRemoteSwiftPackageReference section */

/* Begin XCSwiftPackageProductDependency section */
		02B5FD062A4DBB6300B9D1E5 /* CocoaLumberjackSwift */ = {
			isa = XCSwiftPackageProductDependency;
			package = 02B5FD052A4DBB6300B9D1E5 /* XCRemoteSwiftPackageReference "CocoaLumberjack" */;
			productName = CocoaLumberjackSwift;
		};
		02B5FD082A4DBB6300B9D1E5 /* CocoaLumberjackSwiftLogBackend */ = {
			isa = XCSwiftPackageProductDependency;
			package = 02B5FD052A4DBB6300B9D1E5 /* XCRemoteSwiftPackageReference "CocoaLumberjack" */;
			productName = CocoaLumberjackSwiftLogBackend;
		};
/* End XCSwiftPackageProductDependency section */
	};
	rootObject = 02C3EA902A38606E001C14C4 /* Project object */;
}
